
Microsoft Visual Studio Solution File, Format Version 12.00
# Visual Studio Version 17
VisualStudioVersion = 17.2.32505.173
MinimumVisualStudioVersion = 10.0.40219.1
Project("{FAE04EC0-301F-11D3-BF4B-00C04F79EFBC}") = "lab4example2", "lab4example2\lab4example2.csproj", "{9E342DE2-69C2-4AEC-962D-B14AB46B28E7}"
EndProject
Global
	GlobalSection(SolutionConfigurationPlatforms) = preSolution
		Debug|Any CPU = Debug|Any CPU
		Release|Any CPU = Release|Any CPU
	EndGlobalSection
	GlobalSection(ProjectConfigurationPlatforms) = postSolution
		{9E342DE2-69C2-4AEC-962D-B14AB46B28E7}.Debug|Any CPU.ActiveCfg = Debug|Any CPU
		{9E342DE2-69C2-4AEC-962D-B14AB46B28E7}.Debug|Any CPU.Build.0 = Debug|Any CPU
		{9E342DE2-69C2-4AEC-962D-B14AB46B28E7}.Release|Any CPU.ActiveCfg = Release|Any CPU
		{9E342DE2-69C2-4AEC-962D-B14AB46B28E7}.Release|Any CPU.Build.0 = Release|Any CPU
	EndGlobalSection
	GlobalSection(SolutionProperties) = preSolution
		HideSolutionNode = FALSE
	EndGlobalSection
	GlobalSection(ExtensibilityGlobals) = postSolution
		SolutionGuid = {2B71E9F8-FACB-4C85-A261-F9B451E1FA69}
	EndGlobalSection
EndGlobal
